
Microsoft Visual Studio Solution File, Format Version 12.00
# Visual Studio 15
VisualStudioVersion = 15.0.28307.539
MinimumVisualStudioVersion = 10.0.40219.1
Project("{9A19103F-16F7-4668-BE54-9A1E7A4F7556}") = "DocumentsParser", "DocumentsParser\DocumentsParser.csproj", "{4ED8F68C-973D-4BD5-8C53-037FEF0E111E}"
EndProject
Project("{2150E333-8FDC-42A3-9474-1A3956D46DE8}") = "BusinessLayer", "BusinessLayer", "{2E77C21A-635A-4D8C-8849-2F4742F3CD8B}"
EndProject
Project("{9A19103F-16F7-4668-BE54-9A1E7A4F7556}") = "Business", "BusinessLayer\Business\Business.csproj", "{6D17EB30-31BD-41E4-B89B-E445A92EEF60}"
EndProject
Project("{9A19103F-16F7-4668-BE54-9A1E7A4F7556}") = "Business.Tests", "BusinessLayer\Business.Tests\Business.Tests.csproj", "{1D624CA3-5EF1-4359-9036-C029C02120FC}"
EndProject
Project("{2150E333-8FDC-42A3-9474-1A3956D46DE8}") = "DataAccessLayer", "DataAccessLayer", "{EB0D5972-4ECE-4DA0-B40C-7F50CDD0FC8C}"
EndProject
Project("{9A19103F-16F7-4668-BE54-9A1E7A4F7556}") = "DataAccess", "DataAccessLayer\DataAccess\DataAccess.csproj", "{3FA551BB-51FF-4B3B-A55F-AB318599A86C}"
EndProject
Project("{9A19103F-16F7-4668-BE54-9A1E7A4F7556}") = "DataAccess.Tests", "DataAccessLayer\DataAccess.Tests\DataAccess.Tests.csproj", "{430E6078-7E80-4A7A-9785-A2B7F16F7D03}"
EndProject
Global
	GlobalSection(SolutionConfigurationPlatforms) = preSolution
		Debug|Any CPU = Debug|Any CPU
		Release|Any CPU = Release|Any CPU
	EndGlobalSection
	GlobalSection(ProjectConfigurationPlatforms) = postSolution
		{4ED8F68C-973D-4BD5-8C53-037FEF0E111E}.Debug|Any CPU.ActiveCfg = Debug|Any CPU
		{4ED8F68C-973D-4BD5-8C53-037FEF0E111E}.Debug|Any CPU.Build.0 = Debug|Any CPU
		{4ED8F68C-973D-4BD5-8C53-037FEF0E111E}.Release|Any CPU.ActiveCfg = Release|Any CPU
		{4ED8F68C-973D-4BD5-8C53-037FEF0E111E}.Release|Any CPU.Build.0 = Release|Any CPU
		{6D17EB30-31BD-41E4-B89B-E445A92EEF60}.Debug|Any CPU.ActiveCfg = Debug|Any CPU
		{6D17EB30-31BD-41E4-B89B-E445A92EEF60}.Debug|Any CPU.Build.0 = Debug|Any CPU
		{6D17EB30-31BD-41E4-B89B-E445A92EEF60}.Release|Any CPU.ActiveCfg = Release|Any CPU
		{6D17EB30-31BD-41E4-B89B-E445A92EEF60}.Release|Any CPU.Build.0 = Release|Any CPU
		{1D624CA3-5EF1-4359-9036-C029C02120FC}.Debug|Any CPU.ActiveCfg = Debug|Any CPU
		{1D624CA3-5EF1-4359-9036-C029C02120FC}.Debug|Any CPU.Build.0 = Debug|Any CPU
		{1D624CA3-5EF1-4359-9036-C029C02120FC}.Release|Any CPU.ActiveCfg = Release|Any CPU
		{1D624CA3-5EF1-4359-9036-C029C02120FC}.Release|Any CPU.Build.0 = Release|Any CPU
		{3FA551BB-51FF-4B3B-A55F-AB318599A86C}.Debug|Any CPU.ActiveCfg = Debug|Any CPU
		{3FA551BB-51FF-4B3B-A55F-AB318599A86C}.Debug|Any CPU.Build.0 = Debug|Any CPU
		{3FA551BB-51FF-4B3B-A55F-AB318599A86C}.Release|Any CPU.ActiveCfg = Release|Any CPU
		{3FA551BB-51FF-4B3B-A55F-AB318599A86C}.Release|Any CPU.Build.0 = Release|Any CPU
		{430E6078-7E80-4A7A-9785-A2B7F16F7D03}.Debug|Any CPU.ActiveCfg = Debug|Any CPU
		{430E6078-7E80-4A7A-9785-A2B7F16F7D03}.Debug|Any CPU.Build.0 = Debug|Any CPU
		{430E6078-7E80-4A7A-9785-A2B7F16F7D03}.Release|Any CPU.ActiveCfg = Release|Any CPU
		{430E6078-7E80-4A7A-9785-A2B7F16F7D03}.Release|Any CPU.Build.0 = Release|Any CPU
	EndGlobalSection
	GlobalSection(SolutionProperties) = preSolution
		HideSolutionNode = FALSE
	EndGlobalSection
	GlobalSection(NestedProjects) = preSolution
		{6D17EB30-31BD-41E4-B89B-E445A92EEF60} = {2E77C21A-635A-4D8C-8849-2F4742F3CD8B}
		{1D624CA3-5EF1-4359-9036-C029C02120FC} = {2E77C21A-635A-4D8C-8849-2F4742F3CD8B}
		{3FA551BB-51FF-4B3B-A55F-AB318599A86C} = {EB0D5972-4ECE-4DA0-B40C-7F50CDD0FC8C}
		{430E6078-7E80-4A7A-9785-A2B7F16F7D03} = {EB0D5972-4ECE-4DA0-B40C-7F50CDD0FC8C}
	EndGlobalSection
	GlobalSection(ExtensibilityGlobals) = postSolution
		SolutionGuid = {45D354CE-6953-4475-89A9-0AD1A72232A7}
	EndGlobalSection
EndGlobal
